github.com/lmittmann/tint v1.1.2 h1:2CQzrL6rslrsyjqLDwD11bZ5OpLBPU+g3G/r5LSfS8w=
github.com/lmittmann/tint v1.1.2/go.mod h1:HIS3gSy7qNwGCj+5oRjAutErFBl4BzdQP6cJZ0NfMwE=
github.com/xgfone/ship/v5 v5.3.2 h1:PFFNyCTT8psAfeizDexFX33SgFJpVikPuSMcjYxqGJA=
github.com/xgfone/ship/v5 v5.3.2/go.mod h1:mGI+65lLL3kaOseMkWUYgy+OFl27WV2LY1NSsecu/9g=
github.com/xtaci/smux v1.5.35 h1:RosihGJBeaS8gxOZ17HNxbhONwnqQwNwusHx4+SEGhk=
github.com/xtaci/smux v1.5.35/go.mod h1:OMlQbT5vcgl2gb49mFkYo6SMf+zP3rcjcwQz7ZU7IGY=
